<?xml version="1.0" encoding="utf-8"?>
<Project xmlns="http://schemas.microsoft.com/developer/msbuild/2003">
  <ItemGroup>
    <Filter Include="Form Files">
      <UniqueIdentifier>{99349809-55BA-4b9d-BF79-8FDBB0286EB3}</UniqueIdentifier>
      <Extensions>ui</Extensions>
      <ParseFiles>false</ParseFiles>
    </Filter>
    <Filter Include="Form Files">
      <UniqueIdentifier>{99349809-55BA-4b9d-BF79-8FDBB0286EB3}</UniqueIdentifier>
      <Extensions>ui</Extensions>
      <ParseFiles>false</ParseFiles>
    </Filter>
    <Filter Include="Generated Files">
      <UniqueIdentifier>{71ED8ED8-ACB9-4CE9-BBE1-E00B30144E11}</UniqueIdentifier>
      <Extensions>cpp;c;cxx;moc;h;def;odl;idl;res;</Extensions>
    </Filter>
    <Filter Include="Generated Files">
      <UniqueIdentifier>{71ED8ED8-ACB9-4CE9-BBE1-E00B30144E11}</UniqueIdentifier>
      <Extensions>cpp;c;cxx;moc;h;def;odl;idl;res;</Extensions>
    </Filter>
    <Filter Include="Header Files">
      <UniqueIdentifier>{93995380-89BD-4b04-88EB-625FBE52EBFB}</UniqueIdentifier>
      <Extensions>h;hpp;hxx;hm;inl;inc;xsd</Extensions>
    </Filter>
    <Filter Include="Header Files">
      <UniqueIdentifier>{93995380-89BD-4b04-88EB-625FBE52EBFB}</UniqueIdentifier>
      <Extensions>h;hpp;hxx;hm;inl;inc;xsd</Extensions>
    </Filter>
    <Filter Include="Source Files">
      <UniqueIdentifier>{4FC737F1-C7A5-4376-A066-2A32D752A2FF}</UniqueIdentifier>
      <Extensions>cpp;c;cxx;def;odl;idl;hpj;bat;asm;asmx</Extensions>
    </Filter>
    <Filter Include="Source Files">
      <UniqueIdentifier>{4FC737F1-C7A5-4376-A066-2A32D752A2FF}</UniqueIdentifier>
      <Extensions>cpp;c;cxx;def;odl;idl;hpj;bat;asm;asmx</Extensions>
    </Filter>
    <Filter Include="dependency">
      <UniqueIdentifier>{f19c3176-8667-428a-825d-011817da256c}</UniqueIdentifier>
    </Filter>
    <Filter Include="Resource Files">
      <UniqueIdentifier>{D9D6E242-F8AF-46E4-B9FD-80ECBC20BA3E}</UniqueIdentifier>
      <Extensions>qrc;*</Extensions>
      <ParseFiles>false</ParseFiles>
    </Filter>
  </ItemGroup>
  <ItemGroup>
    <ClCompile Include="GeoLayer.cpp">
      <Filter>Source Files</Filter>
    </ClCompile>
    <ClCompile Include="GeoMap.cpp">
      <Filter>Source Files</Filter>
    </ClCompile>
    <ClCompile Include="GeoPoint.cpp">
      <Filter>Source Files</Filter>
    </ClCompile>
    <ClCompile Include="GeoPolygon.cpp">
      <Filter>Source Files</Filter>
    </ClCompile>
    <ClCompile Include="GeoPolyline.cpp">
      <Filter>Source Files</Filter>
    </ClCompile>
    <ClCompile Include="Render.cpp">
      <Filter>Source Files</Filter>
    </ClCompile>
    <ClCompile Include="main.cpp">
      <Filter>Source Files</Filter>
    </ClCompile>
    <ClCompile Include="util.cpp">
      <Filter>Source Files</Filter>
    </ClCompile>
    <ClCompile Include="QtFunctionWidget.cpp">
      <Filter>Source Files</Filter>
    </ClCompile>
    <ClCompile Include="GeoGeometry.cpp">
      <Filter>Source Files</Filter>
    </ClCompile>
    <ClCompile Include="GeoFeature.cpp">
      <Filter>Source Files</Filter>
    </ClCompile>
    <ClCompile Include="Symbol.cpp">
      <Filter>Generated Files</Filter>
    </ClCompile>
    <ClCompile Include="MarkerSymbol.cpp">
      <Filter>Generated Files</Filter>
    </ClCompile>
    <ClCompile Include="LineSymbol.cpp">
      <Filter>Generated Files</Filter>
    </ClCompile>
    <ClCompile Include="FillSymbol.cpp">
      <Filter>Generated Files</Filter>
    </ClCompile>
    <ClCompile Include="mainwindow.cpp">
      <Filter>Source Files</Filter>
    </ClCompile>
    <ClCompile Include="cjson\CJsonObject.cpp">
      <Filter>Source Files</Filter>
    </ClCompile>
    <ClCompile Include="MyRGB.cpp">
      <Filter>Generated Files</Filter>
    </ClCompile>
    <ClCompile Include="cjson\cJSON.c">
      <Filter>dependency</Filter>
    </ClCompile>
    <ClCompile Include="gpc\gpc.cpp">
      <Filter>dependency</Filter>
    </ClCompile>
    <ClCompile Include="LinewidthDialog.cpp">
      <Filter>Source Files</Filter>
    </ClCompile>
    <ClCompile Include="postgisDialog.cpp">
      <Filter>Source Files</Filter>
    </ClCompile>
    <ClCompile Include="SearchWidget.cpp">
      <Filter>Source Files</Filter>
    </ClCompile>
    <ClCompile Include="StyleDialog.cpp">
      <Filter>Source Files</Filter>
    </ClCompile>
  </ItemGroup>
  <ItemGroup>
    <ClInclude Include="GeoLayer.h">
      <Filter>Header Files</Filter>
    </ClInclude>
    <ClInclude Include="GeoMap.h">
      <Filter>Header Files</Filter>
    </ClInclude>
    <ClInclude Include="GeoPoint.h">
      <Filter>Header Files</Filter>
    </ClInclude>
    <ClInclude Include="GeoPolygon.h">
      <Filter>Header Files</Filter>
    </ClInclude>
    <ClInclude Include="GeoPolyline.h">
      <Filter>Header Files</Filter>
    </ClInclude>
    <ClInclude Include="Render.h">
      <Filter>Header Files</Filter>
    </ClInclude>
    <ClInclude Include="util.h">
      <Filter>Header Files</Filter>
    </ClInclude>
    <ClInclude Include="QtFunctionWidget.h">
      <Filter>Header Files</Filter>
    </ClInclude>
    <ClInclude Include="EnumType.h">
      <Filter>Header Files</Filter>
    </ClInclude>
    <ClInclude Include="GeoGeometry.h">
      <Filter>Header Files</Filter>
    </ClInclude>
    <ClInclude Include="GeoFeature.h">
      <Filter>Header Files</Filter>
    </ClInclude>
    <ClInclude Include="Symbol.h">
      <Filter>Generated Files</Filter>
    </ClInclude>
    <ClInclude Include="MarkerSymbol.h">
      <Filter>Generated Files</Filter>
    </ClInclude>
    <ClInclude Include="LineSymbol.h">
      <Filter>Generated Files</Filter>
    </ClInclude>
    <ClInclude Include="FillSymbol.h">
      <Filter>Generated Files</Filter>
    </ClInclude>
    <ClInclude Include="cjson\CJsonObject.hpp">
      <Filter>Header Files</Filter>
    </ClInclude>
    <ClInclude Include="MyRGB.h">
      <Filter>Generated Files</Filter>
    </ClInclude>
    <ClInclude Include="cjson\cJSON.h">
      <Filter>dependency</Filter>
    </ClInclude>
    <ClInclude Include="gpc\gpc.h">
      <Filter>dependency</Filter>
    </ClInclude>
    <ClInclude Include="resource.h">
      <Filter>Generated Files</Filter>
    </ClInclude>
  </ItemGroup>
  <ItemGroup>
    <CustomBuild Include="debug\moc_predefs.h.cbt">
      <Filter>Generated Files</Filter>
    </CustomBuild>
    <CustomBuild Include="release\moc_predefs.h.cbt">
      <Filter>Generated Files</Filter>
    </CustomBuild>
  </ItemGroup>
  <ItemGroup>
    <QtUic Include="mainwindow.ui">
      <Filter>Form Files</Filter>
    </QtUic>
    <QtUic Include="LinewidthDialog.ui">
      <Filter>Form Files</Filter>
    </QtUic>
    <QtUic Include="postgisDialog.ui">
      <Filter>Form Files</Filter>
    </QtUic>
    <QtUic Include="SearchWidget.ui">
      <Filter>Form Files</Filter>
    </QtUic>
  </ItemGroup>
  <ItemGroup>
    <QtMoc Include="mainwindow.h">
      <Filter>Header Files</Filter>
    </QtMoc>
    <QtMoc Include="LinewidthDialog.h">
      <Filter>Header Files</Filter>
    </QtMoc>
    <QtMoc Include="postgisDialog.h">
      <Filter>Header Files</Filter>
    </QtMoc>
    <QtMoc Include="SearchWidget.h">
      <Filter>Header Files</Filter>
    </QtMoc>
    <QtMoc Include="StyleDialog.h">
      <Filter>Header Files</Filter>
    </QtMoc>
  </ItemGroup>
  <ItemGroup>
    <ResourceCompile Include="GISystemDeveloper.rc" />
  </ItemGroup>
  <ItemGroup>
    <QtRcc Include="Resource.qrc">
      <Filter>Resource Files</Filter>
    </QtRcc>
    <QtRcc Include="qdarkstyle\style.qrc">
      <Filter>Resource Files</Filter>
    </QtRcc>
  </ItemGroup>
</Project>